PODS:
  - AFNetworking (1.3.4)
  - Antenna (1.0.0):
    - AFNetworking (~> 1.3)
  - CocoaLumberjack (2.2.0):
    - CocoaLumberjack/Default (= 2.2.0)
    - CocoaLumberjack/Extensions (= 2.2.0)
  - CocoaLumberjack/Core (2.2.0)
  - CocoaLumberjack/Default (2.2.0):
    - CocoaLumberjack/Core
  - CocoaLumberjack/Extensions (2.2.0):
    - CocoaLumberjack/Default

DEPENDENCIES:
  - Antenna (= 1.0.0)
  - CocoaLumberjack (= 2.2.0)

SPEC CHECKSUMS:
  AFNetworking: cf8e418e16f0c9c7e5c3150d019a3c679d015018
  Antenna: b104c7eda34fb9c6b9ff007b69415cdfed24de0d
  CocoaLumberjack: 17fe8581f84914d5d7e6360f7c70022b173c3ae0

COCOAPODS: 0.39.0
